
Microsoft Visual Studio Solution File, Format Version 12.00
# Visual Studio 15
VisualStudioVersion = 15.0.28307.421
MinimumVisualStudioVersion = 10.0.40219.1
Project("{FAE04EC0-301F-11D3-BF4B-00C04F79EFBC}") = "ClinkedIn", "ClinkedIn\ClinkedIn.csproj", "{FB6696E7-F855-49AA-9E4C-FBE2E1A2A004}"
EndProject
Global
	GlobalSection(SolutionConfigurationPlatforms) = preSolution
		Debug|Any CPU = Debug|Any CPU
		Release|Any CPU = Release|Any CPU
	EndGlobalSection
	GlobalSection(ProjectConfigurationPlatforms) = postSolution
		{FB6696E7-F855-49AA-9E4C-FBE2E1A2A004}.Debug|Any CPU.ActiveCfg = Debug|Any CPU
		{FB6696E7-F855-49AA-9E4C-FBE2E1A2A004}.Debug|Any CPU.Build.0 = Debug|Any CPU
		{FB6696E7-F855-49AA-9E4C-FBE2E1A2A004}.Release|Any CPU.ActiveCfg = Release|Any CPU
		{FB6696E7-F855-49AA-9E4C-FBE2E1A2A004}.Release|Any CPU.Build.0 = Release|Any CPU
	EndGlobalSection
	GlobalSection(SolutionProperties) = preSolution
		HideSolutionNode = FALSE
	EndGlobalSection
	GlobalSection(ExtensibilityGlobals) = postSolution
		SolutionGuid = {AE6AF1F6-B9AA-4CED-8F83-FE5C75A825A7}
	EndGlobalSection
EndGlobal
